
Microsoft Visual Studio Solution File, Format Version 12.00
# Visual Studio Version 17
VisualStudioVersion = 17.9.34728.123
MinimumVisualStudioVersion = 10.0.40219.1
Project("{FAE04EC0-301F-11D3-BF4B-00C04F79EFBC}") = "Лабораторная работа 1", "Лабораторная работа 1\Лабораторная работа 1.csproj", "{D68BEB57-3A23-44AB-8B25-B8551F97860A}"
EndProject
Global
	GlobalSection(SolutionConfigurationPlatforms) = preSolution
		Debug|Any CPU = Debug|Any CPU
		Release|Any CPU = Release|Any CPU
	EndGlobalSection
	GlobalSection(ProjectConfigurationPlatforms) = postSolution
		{D68BEB57-3A23-44AB-8B25-B8551F97860A}.Debug|Any CPU.ActiveCfg = Debug|Any CPU
		{D68BEB57-3A23-44AB-8B25-B8551F97860A}.Debug|Any CPU.Build.0 = Debug|Any CPU
		{D68BEB57-3A23-44AB-8B25-B8551F97860A}.Release|Any CPU.ActiveCfg = Release|Any CPU
		{D68BEB57-3A23-44AB-8B25-B8551F97860A}.Release|Any CPU.Build.0 = Release|Any CPU
	EndGlobalSection
	GlobalSection(SolutionProperties) = preSolution
		HideSolutionNode = FALSE
	EndGlobalSection
	GlobalSection(ExtensibilityGlobals) = postSolution
		SolutionGuid = {2FD54648-54CE-4606-A304-214D95509EDF}
	EndGlobalSection
EndGlobal
